
Microsoft Visual Studio Solution File, Format Version 12.00
# Visual Studio Version 17
VisualStudioVersion = 17.9.34622.214
MinimumVisualStudioVersion = 10.0.40219.1
Project("{FAE04EC0-301F-11D3-BF4B-00C04F79EFBC}") = "AMST4.Carousel.MVC", "AMST4.Carousel.MVC\AMST4.Carousel.MVC.csproj", "{EA9F9BB6-AB88-4D43-ACB2-B31224CA6902}"
EndProject
Global
	GlobalSection(SolutionConfigurationPlatforms) = preSolution
		Debug|Any CPU = Debug|Any CPU
		Release|Any CPU = Release|Any CPU
	EndGlobalSection
	GlobalSection(ProjectConfigurationPlatforms) = postSolution
		{EA9F9BB6-AB88-4D43-ACB2-B31224CA6902}.Debug|Any CPU.ActiveCfg = Debug|Any CPU
		{EA9F9BB6-AB88-4D43-ACB2-B31224CA6902}.Debug|Any CPU.Build.0 = Debug|Any CPU
		{EA9F9BB6-AB88-4D43-ACB2-B31224CA6902}.Release|Any CPU.ActiveCfg = Release|Any CPU
		{EA9F9BB6-AB88-4D43-ACB2-B31224CA6902}.Release|Any CPU.Build.0 = Release|Any CPU
	EndGlobalSection
	GlobalSection(SolutionProperties) = preSolution
		HideSolutionNode = FALSE
	EndGlobalSection
	GlobalSection(ExtensibilityGlobals) = postSolution
		SolutionGuid = {2CD685BB-CC2C-47D0-A9C8-5F07B3E39C08}
	EndGlobalSection
EndGlobal
